
Microsoft Visual Studio Solution File, Format Version 12.00
# Visual Studio Version 16
VisualStudioVersion = 16.0.31624.102
MinimumVisualStudioVersion = 10.0.40219.1
Project("{888888A0-9F3D-457C-B088-3A5042F75D52}") = "PasswordGenerator", "PasswordGenerator.pyproj", "{C106746E-3F31-4B24-9C9F-5639599678FB}"
EndProject
Global
	GlobalSection(SolutionConfigurationPlatforms) = preSolution
		Debug|Any CPU = Debug|Any CPU
		Release|Any CPU = Release|Any CPU
	EndGlobalSection
	GlobalSection(ProjectConfigurationPlatforms) = postSolution
		{C106746E-3F31-4B24-9C9F-5639599678FB}.Debug|Any CPU.ActiveCfg = Debug|Any CPU
		{C106746E-3F31-4B24-9C9F-5639599678FB}.Release|Any CPU.ActiveCfg = Release|Any CPU
	EndGlobalSection
	GlobalSection(SolutionProperties) = preSolution
		HideSolutionNode = FALSE
	EndGlobalSection
	GlobalSection(ExtensibilityGlobals) = postSolution
		SolutionGuid = {BE035687-2A0C-4C64-9E01-B4D16864FDC1}
	EndGlobalSection
EndGlobal
